PODS:
  - R.swift (4.0.0):
    - R.swift.Library (~> 4.0.0)
  - R.swift.Library (4.0.0)
  - SwiftLint (0.28.0)

DEPENDENCIES:
  - R.swift
  - SwiftLint

SPEC REPOS:
  https://github.com/cocoapods/specs.git:
    - R.swift
    - R.swift.Library
    - SwiftLint

SPEC CHECKSUMS:
  R.swift: d6a5ec2f55a8441dc0ed9f1f8b37d7d11ae85c66
  R.swift.Library: c3af34921024333546e23b70e70d0b4e0cffca75
  SwiftLint: 088cfacb75b45970017e62b7524d506776d60148

PODFILE CHECKSUM: 17c1a4de9c384f4160e63ec9ac140dca9ba0ed19

COCOAPODS: 1.5.3
